
Microsoft Visual Studio Solution File, Format Version 12.00
# Visual Studio Version 16
VisualStudioVersion = 16.0.31129.286
MinimumVisualStudioVersion = 10.0.40219.1
Project("{FAE04EC0-301F-11D3-BF4B-00C04F79EFBC}") = "DataCompany.Android", "DataCompany.Android\DataCompany.Android.csproj", "{6115A14B-FAE3-4EA0-AA0D-89663B106992}"
EndProject
Project("{FAE04EC0-301F-11D3-BF4B-00C04F79EFBC}") = "DataCompany", "DataCompany\DataCompany.csproj", "{DC844671-4766-4B65-8032-E5CBC170C3C4}"
EndProject
Global
	GlobalSection(SolutionConfigurationPlatforms) = preSolution
		Debug|Any CPU = Debug|Any CPU
		Release|Any CPU = Release|Any CPU
	EndGlobalSection
	GlobalSection(ProjectConfigurationPlatforms) = postSolution
		{6115A14B-FAE3-4EA0-AA0D-89663B106992}.Debug|Any CPU.ActiveCfg = Debug|Any CPU
		{6115A14B-FAE3-4EA0-AA0D-89663B106992}.Debug|Any CPU.Build.0 = Debug|Any CPU
		{6115A14B-FAE3-4EA0-AA0D-89663B106992}.Debug|Any CPU.Deploy.0 = Debug|Any CPU
		{6115A14B-FAE3-4EA0-AA0D-89663B106992}.Release|Any CPU.ActiveCfg = Release|Any CPU
		{6115A14B-FAE3-4EA0-AA0D-89663B106992}.Release|Any CPU.Build.0 = Release|Any CPU
		{6115A14B-FAE3-4EA0-AA0D-89663B106992}.Release|Any CPU.Deploy.0 = Release|Any CPU
		{DC844671-4766-4B65-8032-E5CBC170C3C4}.Debug|Any CPU.ActiveCfg = Debug|Any CPU
		{DC844671-4766-4B65-8032-E5CBC170C3C4}.Debug|Any CPU.Build.0 = Debug|Any CPU
		{DC844671-4766-4B65-8032-E5CBC170C3C4}.Debug|Any CPU.Deploy.0 = Debug|Any CPU
		{DC844671-4766-4B65-8032-E5CBC170C3C4}.Release|Any CPU.ActiveCfg = Release|Any CPU
		{DC844671-4766-4B65-8032-E5CBC170C3C4}.Release|Any CPU.Build.0 = Release|Any CPU
		{DC844671-4766-4B65-8032-E5CBC170C3C4}.Release|Any CPU.Deploy.0 = Release|Any CPU
	EndGlobalSection
	GlobalSection(SolutionProperties) = preSolution
		HideSolutionNode = FALSE
	EndGlobalSection
	GlobalSection(ExtensibilityGlobals) = postSolution
		SolutionGuid = {96A94BB4-626E-4A4E-84C6-DF04F71C412F}
	EndGlobalSection
EndGlobal
